// !$*UTF8*$!
{
	archiveVersion = 1;
	classes = {
	};
	objectVersion = 56;
	objects = {

/* Begin PBXBuildFile section */
		5ED9EFE32C4CE6BB003CE3C4 /* Todo_listApp.swift in Sources */ = {isa = PBXBuildFile; fileRef = 5ED9EFE22C4CE6BB003CE3C4 /* Todo_listApp.swift */; };
		5ED9EFE52C4CE6BB003CE3C4 /* ContentView.swift in Sources */ = {isa = PBXBuildFile; fileRef = 5ED9EFE42C4CE6BB003CE3C4 /* ContentView.swift */; };
		5ED9EFE72C4CE6BC003CE3C4 /* Assets.xcassets in Resources */ = {isa = PBXBuildFile; fileRef = 5ED9EFE62C4CE6BC003CE3C4 /* Assets.xcassets */; };
		5ED9EFEA2C4CE6BC003CE3C4 /* Preview Assets.xcassets in Resources */ = {isa = PBXBuildFile; fileRef = 5ED9EFE92C4CE6BC003CE3C4 /* Preview Assets.xcassets */; };
		5ED9EFF42C4CE6BC003CE3C4 /* Todo_listTests.swift in Sources */ = {isa = PBXBuildFile; fileRef = 5ED9EFF32C4CE6BC003CE3C4 /* Todo_listTests.swift */; };
		5ED9EFFE2C4CE6BC003CE3C4 /* Todo_listUITests.swift in Sources */ = {isa = PBXBuildFile; fileRef = 5ED9EFFD2C4CE6BC003CE3C4 /* Todo_listUITests.swift */; };
		5ED9F0002C4CE6BC003CE3C4 /* Todo_listUITestsLaunchTests.swift in Sources */ = {isa = PBXBuildFile; fileRef = 5ED9EFFF2C4CE6BC003CE3C4 /* Todo_listUITestsLaunchTests.swift */; };
/* End PBXBuildFile section */

/* Begin PBXContainerItemProxy section */
		5ED9EFF02C4CE6BC003CE3C4 /* PBXContainerItemProxy */ = {
			isa = PBXContainerItemProxy;
			containerPortal = 5ED9EFD72C4CE6BB003CE3C4 /* Project object */;
			proxyType = 1;
			remoteGlobalIDString = 5ED9EFDE2C4CE6BB003CE3C4;
			remoteInfo = "Todo list";
		};
		5ED9EFFA2C4CE6BC003CE3C4 /* PBXContainerItemProxy */ = {
			isa = PBXContainerItemProxy;
			containerPortal = 5ED9EFD72C4CE6BB003CE3C4 /* Project object */;
			proxyType = 1;
			remoteGlobalIDString = 5ED9EFDE2C4CE6BB003CE3C4;
			remoteInfo = "Todo list";
		};
/* End PBXContainerItemProxy section */

/* Begin PBXFileReference section */
		5ED9EFDF2C4CE6BB003CE3C4 /* Todo list.app */ = {isa = PBXFileReference; explicitFileType = wrapper.application; includeInIndex = 0; path = "Todo list.app"; sourceTree = BUILT_PRODUCTS_DIR; };
		5ED9EFE22C4CE6BB003CE3C4 /* Todo_listApp.swift */ = {isa = PBXFileReference; lastKnownFileType = sourcecode.swift; path = Todo_listApp.swift; sourceTree = "<group>"; };
		5ED9EFE42C4CE6BB003CE3C4 /* ContentView.swift */ = {isa = PBXFileReference; lastKnownFileType = sourcecode.swift; path = ContentView.swift; sourceTree = "<group>"; };
		5ED9EFE62C4CE6BC003CE3C4 /* Assets.xcassets */ = {isa = PBXFileReference; lastKnownFileType = folder.assetcatalog; path = Assets.xcassets; sourceTree = "<group>"; };
		5ED9EFE92C4CE6BC003CE3C4 /* Preview Assets.xcassets */ = {isa = PBXFileReference; lastKnownFileType = folder.assetcatalog; path = "Preview Assets.xcassets"; sourceTree = "<group>"; };
		5ED9EFEF2C4CE6BC003CE3C4 /* Todo listTests.xctest */ = {isa = PBXFileReference; explicitFileType = wrapper.cfbundle; includeInIndex = 0; path = "Todo listTests.xctest"; sourceTree = BUILT_PRODUCTS_DIR; };
		5ED9EFF32C4CE6BC003CE3C4 /* Todo_listTests.swift */ = {isa = PBXFileReference; lastKnownFileType = sourcecode.swift; path = Todo_listTests.swift; sourceTree = "<group>"; };
		5ED9EFF92C4CE6BC003CE3C4 /* Todo listUITests.xctest */ = {isa = PBXFileReference; explicitFileType = wrapper.cfbundle; includeInIndex = 0; path = "Todo listUITests.xctest"; sourceTree = BUILT_PRODUCTS_DIR; };
		5ED9EFFD2C4CE6BC003CE3C4 /* Todo_listUITests.swift */ = {isa = PBXFileReference; lastKnownFileType = sourcecode.swift; path = Todo_listUITests.swift; sourceTree = "<group>"; };
		5ED9EFFF2C4CE6BC003CE3C4 /* Todo_listUITestsLaunchTests.swift */ = {isa = PBXFileReference; lastKnownFileType = sourcecode.swift; path = Todo_listUITestsLaunchTests.swift; sourceTree = "<group>"; };
/* End PBXFileReference section */

/* Begin PBXFrameworksBuildPhase section */
		5ED9EFDC2C4CE6BB003CE3C4 /* Frameworks */ = {
			isa = PBXFrameworksBuildPhase;
			buildActionMask = 2147483647;
			files = (
			);
			runOnlyForDeploymentPostprocessing = 0;
		};
		5ED9EFEC2C4CE6BC003CE3C4 /* Frameworks */ = {
			isa = PBXFrameworksBuildPhase;
			buildActionMask = 2147483647;
			files = (
			);
			runOnlyForDeploymentPostprocessing = 0;
		};
		5ED9EFF62C4CE6BC003CE3C4 /* Frameworks */ = {
			isa = PBXFrameworksBuildPhase;
			buildActionMask = 2147483647;
			files = (
			);
			runOnlyForDeploymentPostprocessing = 0;
		};
/* End PBXFrameworksBuildPhase section */

/* Begin PBXGroup section */
		5ED9EFD62C4CE6BB003CE3C4 = {
			isa = PBXGroup;
			children = (
				5ED9EFE12C4CE6BB003CE3C4 /* Todo list */,
				5ED9EFF22C4CE6BC003CE3C4 /* Todo listTests */,
				5ED9EFFC2C4CE6BC003CE3C4 /* Todo listUITests */,
				5ED9EFE02C4CE6BB003CE3C4 /* Products */,
			);
			sourceTree = "<group>";
		};
		5ED9EFE02C4CE6BB003CE3C4 /* Products */ = {
			isa = PBXGroup;
			children = (
				5ED9EFDF2C4CE6BB003CE3C4 /* Todo list.app */,
				5ED9EFEF2C4CE6BC003CE3C4 /* Todo listTests.xctest */,
				5ED9EFF92C4CE6BC003CE3C4 /* Todo listUITests.xctest */,
			);
			name = Products;
			sourceTree = "<group>";
		};
		5ED9EFE12C4CE6BB003CE3C4 /* Todo list */ = {
			isa = PBXGroup;
			children = (
				5ED9EFE22C4CE6BB003CE3C4 /* Todo_listApp.swift */,
				5ED9EFE42C4CE6BB003CE3C4 /* ContentView.swift */,
				5ED9EFE62C4CE6BC003CE3C4 /* Assets.xcassets */,
				5ED9EFE82C4CE6BC003CE3C4 /* Preview Content */,
			);
			path = "Todo list";
			sourceTree = "<group>";
		};
		5ED9EFE82C4CE6BC003CE3C4 /* Preview Content */ = {
			isa = PBXGroup;
			children = (
				5ED9EFE92C4CE6BC003CE3C4 /* Preview Assets.xcassets */,
			);
			path = "Preview Content";
			sourceTree = "<group>";
		};
		5ED9EFF22C4CE6BC003CE3C4 /* Todo listTests */ = {
			isa = PBXGroup;
			children = (
				5ED9EFF32C4CE6BC003CE3C4 /* Todo_listTests.swift */,
			);
			path = "Todo listTests";
			sourceTree = "<group>";
		};
		5ED9EFFC2C4CE6BC003CE3C4 /* Todo listUITests */ = {
			isa = PBXGroup;
			children = (
				5ED9EFFD2C4CE6BC003CE3C4 /* Todo_listUITests.swift */,
				5ED9EFFF2C4CE6BC003CE3C4 /* Todo_listUITestsLaunchTests.swift */,
			);
			path = "Todo listUITests";
			sourceTree = "<group>";
		};
/* End PBXGroup section */

/* Begin PBXNativeTarget section */
		5ED9EFDE2C4CE6BB003CE3C4 /* Todo list */ = {
			isa = PBXNativeTarget;
			buildConfigurationList = 5ED9F0032C4CE6BC003CE3C4 /* Build configuration list for PBXNativeTarget "Todo list" */;
			buildPhases = (
				5ED9EFDB2C4CE6BB003CE3C4 /* Sources */,
				5ED9EFDC2C4CE6BB003CE3C4 /* Frameworks */,
				5ED9EFDD2C4CE6BB003CE3C4 /* Resources */,
			);
			buildRules = (
			);
			dependencies = (
			);
			name = "Todo list";
			productName = "Todo list";
			productReference = 5ED9EFDF2C4CE6BB003CE3C4 /* Todo list.app */;
			productType = "com.apple.product-type.application";
		};
		5ED9EFEE2C4CE6BC003CE3C4 /* Todo listTests */ = {
			isa = PBXNativeTarget;
			buildConfigurationList = 5ED9F0062C4CE6BC003CE3C4 /* Build configuration list for PBXNativeTarget "Todo listTests" */;
			buildPhases = (
				5ED9EFEB2C4CE6BC003CE3C4 /* Sources */,
				5ED9EFEC2C4CE6BC003CE3C4 /* Frameworks */,
				5ED9EFED2C4CE6BC003CE3C4 /* Resources */,
			);
			buildRules = (
			);
			dependencies = (
				5ED9EFF12C4CE6BC003CE3C4 /* PBXTargetDependency */,
			);
			name = "Todo listTests";
			productName = "Todo listTests";
			productReference = 5ED9EFEF2C4CE6BC003CE3C4 /* Todo listTests.xctest */;
			productType = "com.apple.product-type.bundle.unit-test";
		};
		5ED9EFF82C4CE6BC003CE3C4 /* Todo listUITests */ = {
			isa = PBXNativeTarget;
			buildConfigurationList = 5ED9F0092C4CE6BC003CE3C4 /* Build configuration list for PBXNativeTarget "Todo listUITests" */;
			buildPhases = (
				5ED9EFF52C4CE6BC003CE3C4 /* Sources */,
				5ED9EFF62C4CE6BC003CE3C4 /* Frameworks */,
				5ED9EFF72C4CE6BC003CE3C4 /* Resources */,
			);
			buildRules = (
			);
			dependencies = (
				5ED9EFFB2C4CE6BC003CE3C4 /* PBXTargetDependency */,
			);
			name = "Todo listUITests";
			productName = "Todo listUITests";
			productReference = 5ED9EFF92C4CE6BC003CE3C4 /* Todo listUITests.xctest */;
			productType = "com.apple.product-type.bundle.ui-testing";
		};
/* End PBXNativeTarget section */

/* Begin PBXProject section */
		5ED9EFD72C4CE6BB003CE3C4 /* Project object */ = {
			isa = PBXProject;
			attributes = {
				BuildIndependentTargetsInParallel = 1;
				LastSwiftUpdateCheck = 1510;
				LastUpgradeCheck = 1510;
				TargetAttributes = {
					5ED9EFDE2C4CE6BB003CE3C4 = {
						CreatedOnToolsVersion = 15.1;
					};
					5ED9EFEE2C4CE6BC003CE3C4 = {
						CreatedOnToolsVersion = 15.1;
						TestTargetID = 5ED9EFDE2C4CE6BB003CE3C4;
					};
					5ED9EFF82C4CE6BC003CE3C4 = {
						CreatedOnToolsVersion = 15.1;
						TestTargetID = 5ED9EFDE2C4CE6BB003CE3C4;
					};
				};
			};
			buildConfigurationList = 5ED9EFDA2C4CE6BB003CE3C4 /* Build configuration list for PBXProject "Todo list" */;
			compatibilityVersion = "Xcode 14.0";
			developmentRegion = en;
			hasScannedForEncodings = 0;
			knownRegions = (
				en,
				Base,
			);
			mainGroup = 5ED9EFD62C4CE6BB003CE3C4;
			productRefGroup = 5ED9EFE02C4CE6BB003CE3C4 /* Products */;
			projectDirPath = "";
			projectRoot = "";
			targets = (
				5ED9EFDE2C4CE6BB003CE3C4 /* Todo list */,
				5ED9EFEE2C4CE6BC003CE3C4 /* Todo listTests */,
				5ED9EFF82C4CE6BC003CE3C4 /* Todo listUITests */,
			);
		};
/* End PBXProject section */

/* Begin PBXResourcesBuildPhase section */
		5ED9EFDD2C4CE6BB003CE3C4 /* Resources */ = {
			isa = PBXResourcesBuildPhase;
			buildActionMask = 2147483647;
			files = (
				5ED9EFEA2C4CE6BC003CE3C4 /* Preview Assets.xcassets in Resources */,
				5ED9EFE72C4CE6BC003CE3C4 /* Assets.xcassets in Resources */,
			);
			runOnlyForDeploymentPostprocessing = 0;
		};
		5ED9EFED2C4CE6BC003CE3C4 /* Resources */ = {
			isa = PBXResourcesBuildPhase;
			buildActionMask = 2147483647;
			files = (
			);
			runOnlyForDeploymentPostprocessing = 0;
		};
		5ED9EFF72C4CE6BC003CE3C4 /* Resources */ = {
			isa = PBXResourcesBuildPhase;
			buildActionMask = 2147483647;
			files = (
			);
			runOnlyForDeploymentPostprocessing = 0;
		};
/* End PBXResourcesBuildPhase section */

/* Begin PBXSourcesBuildPhase section */
		5ED9EFDB2C4CE6BB003CE3C4 /* Sources */ = {
			isa = PBXSourcesBuildPhase;
			buildActionMask = 2147483647;
			files = (
				5ED9EFE52C4CE6BB003CE3C4 /* ContentView.swift in Sources */,
				5ED9EFE32C4CE6BB003CE3C4 /* Todo_listApp.swift in Sources */,
			);
			runOnlyForDeploymentPostprocessing = 0;
		};
		5ED9EFEB2C4CE6BC003CE3C4 /* Sources */ = {
			isa = PBXSourcesBuildPhase;
			buildActionMask = 2147483647;
			files = (
				5ED9EFF42C4CE6BC003CE3C4 /* Todo_listTests.swift in Sources */,
			);
			runOnlyForDeploymentPostprocessing = 0;
		};
		5ED9EFF52C4CE6BC003CE3C4 /* Sources */ = {
			isa = PBXSourcesBuildPhase;
			buildActionMask = 2147483647;
			files = (
				5ED9F0002C4CE6BC003CE3C4 /* Todo_listUITestsLaunchTests.swift in Sources */,
				5ED9EFFE2C4CE6BC003CE3C4 /* Todo_listUITests.swift in Sources */,
			);
			runOnlyForDeploymentPostprocessing = 0;
		};
/* End PBXSourcesBuildPhase section */

/* Begin PBXTargetDependency section */
		5ED9EFF12C4CE6BC003CE3C4 /* PBXTargetDependency */ = {
			isa = PBXTargetDependency;
			target = 5ED9EFDE2C4CE6BB003CE3C4 /* Todo list */;
			targetProxy = 5ED9EFF02C4CE6BC003CE3C4 /* PBXContainerItemProxy */;
		};
		5ED9EFFB2C4CE6BC003CE3C4 /* PBXTargetDependency */ = {
			isa = PBXTargetDependency;
			target = 5ED9EFDE2C4CE6BB003CE3C4 /* Todo list */;
			targetProxy = 5ED9EFFA2C4CE6BC003CE3C4 /* PBXContainerItemProxy */;
		};
/* End PBXTargetDependency section */

/* Begin XCBuildConfiguration section */
		5ED9F0012C4CE6BC003CE3C4 /* Debug */ = {
			isa = XCBuildConfiguration;
			buildSettings = {
				ALWAYS_SEARCH_USER_PATHS = NO;
				ASSETCATALOG_COMPILER_GENERATE_SWIFT_ASSET_SYMBOL_EXTENSIONS = YES;
				CLANG_ANALYZER_NONNULL = YES;
				CLANG_ANALYZER_NUMBER_OBJECT_CONVERSION = YES_AGGRESSIVE;
				CLANG_CXX_LANGUAGE_STANDARD = "gnu++20";
				CLANG_ENABLE_MODULES = YES;
				CLANG_ENABLE_OBJC_ARC = YES;
				CLANG_ENABLE_OBJC_WEAK = YES;
				CLANG_WARN_BLOCK_CAPTURE_AUTORELEASING = YES;
				CLANG_WARN_BOOL_CONVERSION = YES;
				CLANG_WARN_COMMA = YES;
				CLANG_WARN_CONSTANT_CONVERSION = YES;
				CLANG_WARN_DEPRECATED_OBJC_IMPLEMENTATIONS = YES;
				CLANG_WARN_DIRECT_OBJC_ISA_USAGE = YES_ERROR;
				CLANG_WARN_DOCUMENTATION_COMMENTS = YES;
				CLANG_WARN_EMPTY_BODY = YES;
				CLANG_WARN_ENUM_CONVERSION = YES;
				CLANG_WARN_INFINITE_RECURSION = YES;
				CLANG_WARN_INT_CONVERSION = YES;
				CLANG_WARN_NON_LITERAL_NULL_CONVERSION = YES;
				CLANG_WARN_OBJC_IMPLICIT_RETAIN_SELF = YES;
				CLANG_WARN_OBJC_LITERAL_CONVERSION = YES;
				CLANG_WARN_OBJC_ROOT_CLASS = YES_ERROR;
				CLANG_WARN_QUOTED_INCLUDE_IN_FRAMEWORK_HEADER = YES;
				CLANG_WARN_RANGE_LOOP_ANALYSIS = YES;
				CLANG_WARN_STRICT_PROTOTYPES = YES;
				CLANG_WARN_SUSPICIOUS_MOVE = YES;
				CLANG_WARN_UNGUARDED_AVAILABILITY = YES_AGGRESSIVE;
				CLANG_WARN_UNREACHABLE_CODE = YES;
				CLANG_WARN__DUPLICATE_METHOD_MATCH = YES;
				COPY_PHASE_STRIP = NO;
				DEBUG_INFORMATION_FORMAT = dwarf;
				ENABLE_STRICT_OBJC_MSGSEND = YES;
				ENABLE_TESTABILITY = YES;
				ENABLE_USER_SCRIPT_SANDBOXING = YES;
				GCC_C_LANGUAGE_STANDARD = gnu17;
				GCC_DYNAMIC_NO_PIC = NO;
				GCC_NO_COMMON_BLOCKS = YES;
				GCC_OPTIMIZATION_LEVEL = 0;
				GCC_PREPROCESSOR_DEFINITIONS = (
					"DEBUG=1",
					"$(inherited)",
				);
				GCC_WARN_64_TO_32_BIT_CONVERSION = YES;
				GCC_WARN_ABOUT_RETURN_TYPE = YES_ERROR;
				GCC_WARN_UNDECLARED_SELECTOR = YES;
				GCC_WARN_UNINITIALIZED_AUTOS = YES_AGGRESSIVE;
				GCC_WARN_UNUSED_FUNCTION = YES;
				GCC_WARN_UNUSED_VARIABLE = YES;
				IPHONEOS_DEPLOYMENT_TARGET = 17.2;
				LOCALIZATION_PREFERS_STRING_CATALOGS = YES;
				MTL_ENABLE_DEBUG_INFO = INCLUDE_SOURCE;
				MTL_FAST_MATH = YES;
				ONLY_ACTIVE_ARCH = YES;
				SDKROOT = iphoneos;
				SWIFT_ACTIVE_COMPILATION_CONDITIONS = "DEBUG $(inherited)";
				SWIFT_OPTIMIZATION_LEVEL = "-Onone";
			};
			name = Debug;
		};
		5ED9F0022C4CE6BC003CE3C4 /* Release */ = {
			isa = XCBuildConfiguration;
			buildSettings = {
				ALWAYS_SEARCH_USER_PATHS = NO;
				ASSETCATALOG_COMPILER_GENERATE_SWIFT_ASSET_SYMBOL_EXTENSIONS = YES;
				CLANG_ANALYZER_NONNULL = YES;
				CLANG_ANALYZER_NUMBER_OBJECT_CONVERSION = YES_AGGRESSIVE;
				CLANG_CXX_LANGUAGE_STANDARD = "gnu++20";
				CLANG_ENABLE_MODULES = YES;
				CLANG_ENABLE_OBJC_ARC = YES;
				CLANG_ENABLE_OBJC_WEAK = YES;
				CLANG_WARN_BLOCK_CAPTURE_AUTORELEASING = YES;
				CLANG_WARN_BOOL_CONVERSION = YES;
				CLANG_WARN_COMMA = YES;
				CLANG_WARN_CONSTANT_CONVERSION = YES;
				CLANG_WARN_DEPRECATED_OBJC_IMPLEMENTATIONS = YES;
				CLANG_WARN_DIRECT_OBJC_ISA_USAGE = YES_ERROR;
				CLANG_WARN_DOCUMENTATION_COMMENTS = YES;
				CLANG_WARN_EMPTY_BODY = YES;
				CLANG_WARN_ENUM_CONVERSION = YES;
				CLANG_WARN_INFINITE_RECURSION = YES;
				CLANG_WARN_INT_CONVERSION = YES;
				CLANG_WARN_NON_LITERAL_NULL_CONVERSION = YES;
				CLANG_WARN_OBJC_IMPLICIT_RETAIN_SELF = YES;
				CLANG_WARN_OBJC_LITERAL_CONVERSION = YES;
				CLANG_WARN_OBJC_ROOT_CLASS = YES_ERROR;
				CLANG_WARN_QUOTED_INCLUDE_IN_FRAMEWORK_HEADER = YES;
				CLANG_WARN_RANGE_LOOP_ANALYSIS = YES;
				CLANG_WARN_STRICT_PROTOTYPES = YES;
				CLANG_WARN_SUSPICIOUS_MOVE = YES;
				CLANG_WARN_UNGUARDED_AVAILABILITY = YES_AGGRESSIVE;
				CLANG_WARN_UNREACHABLE_CODE = YES;
				CLANG_WARN__DUPLICATE_METHOD_MATCH = YES;
				COPY_PHASE_STRIP = NO;
				DEBUG_INFORMATION_FORMAT = "dwarf-with-dsym";
				ENABLE_NS_ASSERTIONS = NO;
				ENABLE_STRICT_OBJC_MSGSEND = YES;
				ENABLE_USER_SCRIPT_SANDBOXING = YES;
				GCC_C_LANGUAGE_STANDARD = gnu17;
				GCC_NO_COMMON_BLOCKS = YES;
				GCC_WARN_64_TO_32_BIT_CONVERSION = YES;
				GCC_WARN_ABOUT_RETURN_TYPE = YES_ERROR;
				GCC_WARN_UNDECLARED_SELECTOR = YES;
				GCC_WARN_UNINITIALIZED_AUTOS = YES_AGGRESSIVE;
				GCC_WARN_UNUSED_FUNCTION = YES;
				GCC_WARN_UNUSED_VARIABLE = YES;
				IPHONEOS_DEPLOYMENT_TARGET = 17.2;
				LOCALIZATION_PREFERS_STRING_CATALOGS = YES;
				MTL_ENABLE_DEBUG_INFO = NO;
				MTL_FAST_MATH = YES;
				SDKROOT = iphoneos;
				SWIFT_COMPILATION_MODE = wholemodule;
				VALIDATE_PRODUCT = YES;
			};
			name = Release;
		};
		5ED9F0042C4CE6BC003CE3C4 /* Debug */ = {
			isa = XCBuildConfiguration;
			buildSettings = {
				ASSETCATALOG_COMPILER_APPICON_NAME = AppIcon;
				ASSETCATALOG_COMPILER_GLOBAL_ACCENT_COLOR_NAME = AccentColor;
				CODE_SIGN_STYLE = Automatic;
				CURRENT_PROJECT_VERSION = 1;
				DEVELOPMENT_ASSET_PATHS = "\"Todo list/Preview Content\"";
				ENABLE_PREVIEWS = YES;
				GENERATE_INFOPLIST_FILE = YES;
				INFOPLIST_KEY_UIApplicationSceneManifest_Generation = YES;
				INFOPLIST_KEY_UIApplicationSupportsIndirectInputEvents = YES;
				INFOPLIST_KEY_UILaunchScreen_Generation = YES;
				INFOPLIST_KEY_UISupportedInterfaceOrientations_iPad = "UIInterfaceOrientationPortrait UIInterfaceOrientationPortraitUpsideDown UIInterfaceOrientationLandscapeLeft UIInterfaceOrientationLandscapeRight";
				INFOPLIST_KEY_UISupportedInterfaceOrientations_iPhone = "UIInterfaceOrientationPortrait UIInterfaceOrientationLandscapeLeft UIInterfaceOrientationLandscapeRight";
				LD_RUNPATH_SEARCH_PATHS = (
					"$(inherited)",
					"@executable_path/Frameworks",
				);
				MARKETING_VERSION = 1.0;
				PRODUCT_BUNDLE_IDENTIFIER = "com.demo.Todo-list";
				PRODUCT_NAME = "$(TARGET_NAME)";
				SWIFT_EMIT_LOC_STRINGS = YES;
				SWIFT_VERSION = 5.0;
				TARGETED_DEVICE_FAMILY = "1,2";
			};
			name = Debug;
		};
		5ED9F0052C4CE6BC003CE3C4 /* Release */ = {
			isa = XCBuildConfiguration;
			buildSettings = {
				ASSETCATALOG_COMPILER_APPICON_NAME = AppIcon;
				ASSETCATALOG_COMPILER_GLOBAL_ACCENT_COLOR_NAME = AccentColor;
				CODE_SIGN_STYLE = Automatic;
				CURRENT_PROJECT_VERSION = 1;
				DEVELOPMENT_ASSET_PATHS = "\"Todo list/Preview Content\"";
				ENABLE_PREVIEWS = YES;
				GENERATE_INFOPLIST_FILE = YES;
				INFOPLIST_KEY_UIApplicationSceneManifest_Generation = YES;
				INFOPLIST_KEY_UIApplicationSupportsIndirectInputEvents = YES;
				INFOPLIST_KEY_UILaunchScreen_Generation = YES;
				INFOPLIST_KEY_UISupportedInterfaceOrientations_iPad = "UIInterfaceOrientationPortrait UIInterfaceOrientationPortraitUpsideDown UIInterfaceOrientationLandscapeLeft UIInterfaceOrientationLandscapeRight";
				INFOPLIST_KEY_UISupportedInterfaceOrientations_iPhone = "UIInterfaceOrientationPortrait UIInterfaceOrientationLandscapeLeft UIInterfaceOrientationLandscapeRight";
				LD_RUNPATH_SEARCH_PATHS = (
					"$(inherited)",
					"@executable_path/Frameworks",
				);
				MARKETING_VERSION = 1.0;
				PRODUCT_BUNDLE_IDENTIFIER = "com.demo.Todo-list";
				PRODUCT_NAME = "$(TARGET_NAME)";
				SWIFT_EMIT_LOC_STRINGS = YES;
				SWIFT_VERSION = 5.0;
				TARGETED_DEVICE_FAMILY = "1,2";
			};
			name = Release;
		};
		5ED9F0072C4CE6BC003CE3C4 /* Debug */ = {
			isa = XCBuildConfiguration;
			buildSettings = {
				ALWAYS_EMBED_SWIFT_STANDARD_LIBRARIES = YES;
				BUNDLE_LOADER = "$(TEST_HOST)";
				CODE_SIGN_STYLE = Automatic;
				CURRENT_PROJECT_VERSION = 1;
				GENERATE_INFOPLIST_FILE = YES;
				IPHONEOS_DEPLOYMENT_TARGET = 17.2;
				MARKETING_VERSION = 1.0;
				PRODUCT_BUNDLE_IDENTIFIER = "com.demo.Todo-listTests";
				PRODUCT_NAME = "$(TARGET_NAME)";
				SWIFT_EMIT_LOC_STRINGS = NO;
				SWIFT_VERSION = 5.0;
				TARGETED_DEVICE_FAMILY = "1,2";
				TEST_HOST = "$(BUILT_PRODUCTS_DIR)/Todo list.app/$(BUNDLE_EXECUTABLE_FOLDER_PATH)/Todo list";
			};
			name = Debug;
		};
		5ED9F0082C4CE6BC003CE3C4 /* Release */ = {
			isa = XCBuildConfiguration;
			buildSettings = {
				ALWAYS_EMBED_SWIFT_STANDARD_LIBRARIES = YES;
				BUNDLE_LOADER = "$(TEST_HOST)";
				CODE_SIGN_STYLE = Automatic;
				CURRENT_PROJECT_VERSION = 1;
				GENERATE_INFOPLIST_FILE = YES;
				IPHONEOS_DEPLOYMENT_TARGET = 17.2;
				MARKETING_VERSION = 1.0;
				PRODUCT_BUNDLE_IDENTIFIER = "com.demo.Todo-listTests";
				PRODUCT_NAME = "$(TARGET_NAME)";
				SWIFT_EMIT_LOC_STRINGS = NO;
				SWIFT_VERSION = 5.0;
				TARGETED_DEVICE_FAMILY = "1,2";
				TEST_HOST = "$(BUILT_PRODUCTS_DIR)/Todo list.app/$(BUNDLE_EXECUTABLE_FOLDER_PATH)/Todo list";
			};
			name = Release;
		};
		5ED9F00A2C4CE6BC003CE3C4 /* Debug */ = {
			isa = XCBuildConfiguration;
			buildSettings = {
				ALWAYS_EMBED_SWIFT_STANDARD_LIBRARIES = YES;
				CODE_SIGN_STYLE = Automatic;
				CURRENT_PROJECT_VERSION = 1;
				GENERATE_INFOPLIST_FILE = YES;
				MARKETING_VERSION = 1.0;
				PRODUCT_BUNDLE_IDENTIFIER = "com.demo.Todo-listUITests";
				PRODUCT_NAME = "$(TARGET_NAME)";
				SWIFT_EMIT_LOC_STRINGS = NO;
				SWIFT_VERSION = 5.0;
				TARGETED_DEVICE_FAMILY = "1,2";
				TEST_TARGET_NAME = "Todo list";
			};
			name = Debug;
		};
		5ED9F00B2C4CE6BC003CE3C4 /* Release */ = {
			isa = XCBuildConfiguration;
			buildSettings = {
				ALWAYS_EMBED_SWIFT_STANDARD_LIBRARIES = YES;
				CODE_SIGN_STYLE = Automatic;
				CURRENT_PROJECT_VERSION = 1;
				GENERATE_INFOPLIST_FILE = YES;
				MARKETING_VERSION = 1.0;
				PRODUCT_BUNDLE_IDENTIFIER = "com.demo.Todo-listUITests";
				PRODUCT_NAME = "$(TARGET_NAME)";
				SWIFT_EMIT_LOC_STRINGS = NO;
				SWIFT_VERSION = 5.0;
				TARGETED_DEVICE_FAMILY = "1,2";
				TEST_TARGET_NAME = "Todo list";
			};
			name = Release;
		};
/* End XCBuildConfiguration section */

/* Begin XCConfigurationList section */
		5ED9EFDA2C4CE6BB003CE3C4 /* Build configuration list for PBXProject "Todo list" */ = {
			isa = XCConfigurationList;
			buildConfigurations = (
				5ED9F0012C4CE6BC003CE3C4 /* Debug */,
				5ED9F0022C4CE6BC003CE3C4 /* Release */,
			);
			defaultConfigurationIsVisible = 0;
			defaultConfigurationName = Release;
		};
		5ED9F0032C4CE6BC003CE3C4 /* Build configuration list for PBXNativeTarget "Todo list" */ = {
			isa = XCConfigurationList;
			buildConfigurations = (
				5ED9F0042C4CE6BC003CE3C4 /* Debug */,
				5ED9F0052C4CE6BC003CE3C4 /* Release */,
			);
			defaultConfigurationIsVisible = 0;
			defaultConfigurationName = Release;
		};
		5ED9F0062C4CE6BC003CE3C4 /* Build configuration list for PBXNativeTarget "Todo listTests" */ = {
			isa = XCConfigurationList;
			buildConfigurations = (
				5ED9F0072C4CE6BC003CE3C4 /* Debug */,
				5ED9F0082C4CE6BC003CE3C4 /* Release */,
			);
			defaultConfigurationIsVisible = 0;
			defaultConfigurationName = Release;
		};
		5ED9F0092C4CE6BC003CE3C4 /* Build configuration list for PBXNativeTarget "Todo listUITests" */ = {
			isa = XCConfigurationList;
			buildConfigurations = (
				5ED9F00A2C4CE6BC003CE3C4 /* Debug */,
				5ED9F00B2C4CE6BC003CE3C4 /* Release */,
			);
			defaultConfigurationIsVisible = 0;
			defaultConfigurationName = Release;
		};
/* End XCConfigurationList section */
	};
	rootObject = 5ED9EFD72C4CE6BB003CE3C4 /* Project object */;
}
